// !$*UTF8*$!
{
	archiveVersion = 1;
	classes = {
	};
	objectVersion = 50;
	objects = {

/* Begin PBXBuildFile section */
		329AD8E5209C6E6D00010807 /* PollutionLevelTest.swift in Sources */ = {isa = PBXBuildFile; fileRef = 329AD8E4209C6E6D00010807 /* PollutionLevelTest.swift */; };
		329AD8E7209C6FD800010807 /* PollutionLevel.swift in Sources */ = {isa = PBXBuildFile; fileRef = 329AD8E6209C6FD800010807 /* PollutionLevel.swift */; };
		3769D97E209BC6F100B021A2 /* LookUpTest.swift in Sources */ = {isa = PBXBuildFile; fileRef = 3769D97D209BC6F100B021A2 /* LookUpTest.swift */; };
		3769D980209BC75300B021A2 /* LookUp.swift in Sources */ = {isa = PBXBuildFile; fileRef = 3769D97F209BC75300B021A2 /* LookUp.swift */; };
		3769D982209C74BC00B021A2 /* coordinates.swift in Sources */ = {isa = PBXBuildFile; fileRef = 3769D981209C74BC00B021A2 /* coordinates.swift */; };
		3769D984209C74F000B021A2 /* concern.swift in Sources */ = {isa = PBXBuildFile; fileRef = 3769D983209C74F000B021A2 /* concern.swift */; };
		376C42EC209B7E2D00F42DFA /* AppDelegate.swift in Sources */ = {isa = PBXBuildFile; fileRef = 376C42EB209B7E2D00F42DFA /* AppDelegate.swift */; };
		376C42EE209B7E2D00F42DFA /* Scene.sks in Resources */ = {isa = PBXBuildFile; fileRef = 376C42ED209B7E2D00F42DFA /* Scene.sks */; };
		376C42F0209B7E2D00F42DFA /* Scene.swift in Sources */ = {isa = PBXBuildFile; fileRef = 376C42EF209B7E2D00F42DFA /* Scene.swift */; };
		376C42F2209B7E2D00F42DFA /* ViewController.swift in Sources */ = {isa = PBXBuildFile; fileRef = 376C42F1209B7E2D00F42DFA /* ViewController.swift */; };
		376C42F5209B7E2D00F42DFA /* Main.storyboard in Resources */ = {isa = PBXBuildFile; fileRef = 376C42F3209B7E2D00F42DFA /* Main.storyboard */; };
		376C42F7209B7E2D00F42DFA /* Assets.xcassets in Resources */ = {isa = PBXBuildFile; fileRef = 376C42F6209B7E2D00F42DFA /* Assets.xcassets */; };
		376C42FA209B7E2D00F42DFA /* LaunchScreen.storyboard in Resources */ = {isa = PBXBuildFile; fileRef = 376C42F8209B7E2D00F42DFA /* LaunchScreen.storyboard */; };
		376C4305209B7E2E00F42DFA /* airTests.swift in Sources */ = {isa = PBXBuildFile; fileRef = 376C4304209B7E2E00F42DFA /* airTests.swift */; };
		376C4310209B7E2E00F42DFA /* airUITests.swift in Sources */ = {isa = PBXBuildFile; fileRef = 376C430F209B7E2E00F42DFA /* airUITests.swift */; };
/* End PBXBuildFile section */

/* Begin PBXContainerItemProxy section */
		376C4301209B7E2E00F42DFA /* PBXContainerItemProxy */ = {
			isa = PBXContainerItemProxy;
			containerPortal = 376C42E0209B7E2C00F42DFA /* Project object */;
			proxyType = 1;
			remoteGlobalIDString = 376C42E7209B7E2C00F42DFA;
			remoteInfo = air;
		};
		376C430C209B7E2E00F42DFA /* PBXContainerItemProxy */ = {
			isa = PBXContainerItemProxy;
			containerPortal = 376C42E0209B7E2C00F42DFA /* Project object */;
			proxyType = 1;
			remoteGlobalIDString = 376C42E7209B7E2C00F42DFA;
			remoteInfo = air;
		};
/* End PBXContainerItemProxy section */

/* Begin PBXFileReference section */
		329AD8E4209C6E6D00010807 /* PollutionLevelTest.swift */ = {isa = PBXFileReference; lastKnownFileType = sourcecode.swift; path = PollutionLevelTest.swift; sourceTree = "<group>"; };
		329AD8E6209C6FD800010807 /* PollutionLevel.swift */ = {isa = PBXFileReference; lastKnownFileType = sourcecode.swift; path = PollutionLevel.swift; sourceTree = "<group>"; };
		3769D97D209BC6F100B021A2 /* LookUpTest.swift */ = {isa = PBXFileReference; lastKnownFileType = sourcecode.swift; path = LookUpTest.swift; sourceTree = "<group>"; };
		3769D97F209BC75300B021A2 /* LookUp.swift */ = {isa = PBXFileReference; lastKnownFileType = sourcecode.swift; path = LookUp.swift; sourceTree = "<group>"; };
		3769D981209C74BC00B021A2 /* coordinates.swift */ = {isa = PBXFileReference; lastKnownFileType = sourcecode.swift; path = coordinates.swift; sourceTree = "<group>"; };
		3769D983209C74F000B021A2 /* concern.swift */ = {isa = PBXFileReference; lastKnownFileType = sourcecode.swift; path = concern.swift; sourceTree = "<group>"; };
		376C42E8209B7E2C00F42DFA /* air.app */ = {isa = PBXFileReference; explicitFileType = wrapper.application; includeInIndex = 0; path = air.app; sourceTree = BUILT_PRODUCTS_DIR; };
		376C42EB209B7E2D00F42DFA /* AppDelegate.swift */ = {isa = PBXFileReference; lastKnownFileType = sourcecode.swift; path = AppDelegate.swift; sourceTree = "<group>"; };
		376C42ED209B7E2D00F42DFA /* Scene.sks */ = {isa = PBXFileReference; lastKnownFileType = file.sks; path = Scene.sks; sourceTree = "<group>"; };
		376C42EF209B7E2D00F42DFA /* Scene.swift */ = {isa = PBXFileReference; lastKnownFileType = sourcecode.swift; path = Scene.swift; sourceTree = "<group>"; };
		376C42F1209B7E2D00F42DFA /* ViewController.swift */ = {isa = PBXFileReference; lastKnownFileType = sourcecode.swift; path = ViewController.swift; sourceTree = "<group>"; };
		376C42F4209B7E2D00F42DFA /* Base */ = {isa = PBXFileReference; lastKnownFileType = file.storyboard; name = Base; path = Base.lproj/Main.storyboard; sourceTree = "<group>"; };
		376C42F6209B7E2D00F42DFA /* Assets.xcassets */ = {isa = PBXFileReference; lastKnownFileType = folder.assetcatalog; path = Assets.xcassets; sourceTree = "<group>"; };
		376C42F9209B7E2D00F42DFA /* Base */ = {isa = PBXFileReference; lastKnownFileType = file.storyboard; name = Base; path = Base.lproj/LaunchScreen.storyboard; sourceTree = "<group>"; };
		376C42FB209B7E2D00F42DFA /* Info.plist */ = {isa = PBXFileReference; lastKnownFileType = text.plist.xml; path = Info.plist; sourceTree = "<group>"; };
		376C4300209B7E2E00F42DFA /* airTests.xctest */ = {isa = PBXFileReference; explicitFileType = wrapper.cfbundle; includeInIndex = 0; path = airTests.xctest; sourceTree = BUILT_PRODUCTS_DIR; };
		376C4304209B7E2E00F42DFA /* airTests.swift */ = {isa = PBXFileReference; lastKnownFileType = sourcecode.swift; path = airTests.swift; sourceTree = "<group>"; };
		376C4306209B7E2E00F42DFA /* Info.plist */ = {isa = PBXFileReference; lastKnownFileType = text.plist.xml; path = Info.plist; sourceTree = "<group>"; };
		376C430B209B7E2E00F42DFA /* airUITests.xctest */ = {isa = PBXFileReference; explicitFileType = wrapper.cfbundle; includeInIndex = 0; path = airUITests.xctest; sourceTree = BUILT_PRODUCTS_DIR; };
		376C430F209B7E2E00F42DFA /* airUITests.swift */ = {isa = PBXFileReference; lastKnownFileType = sourcecode.swift; path = airUITests.swift; sourceTree = "<group>"; };
		376C4311209B7E2E00F42DFA /* Info.plist */ = {isa = PBXFileReference; lastKnownFileType = text.plist.xml; path = Info.plist; sourceTree = "<group>"; };
/* End PBXFileReference section */

/* Begin PBXFrameworksBuildPhase section */
		376C42E5209B7E2C00F42DFA /* Frameworks */ = {
			isa = PBXFrameworksBuildPhase;
			buildActionMask = 2147483647;
			files = (
			);
			runOnlyForDeploymentPostprocessing = 0;
		};
		376C42FD209B7E2E00F42DFA /* Frameworks */ = {
			isa = PBXFrameworksBuildPhase;
			buildActionMask = 2147483647;
			files = (
			);
			runOnlyForDeploymentPostprocessing = 0;
		};
		376C4308209B7E2E00F42DFA /* Frameworks */ = {
			isa = PBXFrameworksBuildPhase;
			buildActionMask = 2147483647;
			files = (
			);
			runOnlyForDeploymentPostprocessing = 0;
		};
/* End PBXFrameworksBuildPhase section */

/* Begin PBXGroup section */
		376C42DF209B7E2C00F42DFA = {
			isa = PBXGroup;
			children = (
				376C42EA209B7E2C00F42DFA /* air */,
				376C4303209B7E2E00F42DFA /* airTests */,
				376C430E209B7E2E00F42DFA /* airUITests */,
				376C42E9209B7E2C00F42DFA /* Products */,
			);
			sourceTree = "<group>";
		};
		376C42E9209B7E2C00F42DFA /* Products */ = {
			isa = PBXGroup;
			children = (
				376C42E8209B7E2C00F42DFA /* air.app */,
				376C4300209B7E2E00F42DFA /* airTests.xctest */,
				376C430B209B7E2E00F42DFA /* airUITests.xctest */,
			);
			name = Products;
			sourceTree = "<group>";
		};
		376C42EA209B7E2C00F42DFA /* air */ = {
			isa = PBXGroup;
			children = (
				376C42EB209B7E2D00F42DFA /* AppDelegate.swift */,
				376C42ED209B7E2D00F42DFA /* Scene.sks */,
				376C42EF209B7E2D00F42DFA /* Scene.swift */,
				376C42F1209B7E2D00F42DFA /* ViewController.swift */,
				376C42F3209B7E2D00F42DFA /* Main.storyboard */,
				376C42F6209B7E2D00F42DFA /* Assets.xcassets */,
				376C42F8209B7E2D00F42DFA /* LaunchScreen.storyboard */,
				376C42FB209B7E2D00F42DFA /* Info.plist */,
				3769D97F209BC75300B021A2 /* LookUp.swift */,
				329AD8E6209C6FD800010807 /* PollutionLevel.swift */,
				3769D981209C74BC00B021A2 /* coordinates.swift */,
				3769D983209C74F000B021A2 /* concern.swift */,
			);
			path = air;
			sourceTree = "<group>";
		};
		376C4303209B7E2E00F42DFA /* airTests */ = {
			isa = PBXGroup;
			children = (
				376C4304209B7E2E00F42DFA /* airTests.swift */,
				376C4306209B7E2E00F42DFA /* Info.plist */,
				3769D97D209BC6F100B021A2 /* LookUpTest.swift */,
				329AD8E4209C6E6D00010807 /* PollutionLevelTest.swift */,
			);
			path = airTests;
			sourceTree = "<group>";
		};
		376C430E209B7E2E00F42DFA /* airUITests */ = {
			isa = PBXGroup;
			children = (
				376C430F209B7E2E00F42DFA /* airUITests.swift */,
				376C4311209B7E2E00F42DFA /* Info.plist */,
			);
			path = airUITests;
			sourceTree = "<group>";
		};
/* End PBXGroup section */

/* Begin PBXNativeTarget section */
		376C42E7209B7E2C00F42DFA /* air */ = {
			isa = PBXNativeTarget;
			buildConfigurationList = 376C4314209B7E2E00F42DFA /* Build configuration list for PBXNativeTarget "air" */;
			buildPhases = (
				376C42E4209B7E2C00F42DFA /* Sources */,
				376C42E5209B7E2C00F42DFA /* Frameworks */,
				376C42E6209B7E2C00F42DFA /* Resources */,
			);
			buildRules = (
			);
			dependencies = (
			);
			name = air;
			productName = air;
			productReference = 376C42E8209B7E2C00F42DFA /* air.app */;
			productType = "com.apple.product-type.application";
		};
		376C42FF209B7E2E00F42DFA /* airTests */ = {
			isa = PBXNativeTarget;
			buildConfigurationList = 376C4317209B7E2E00F42DFA /* Build configuration list for PBXNativeTarget "airTests" */;
			buildPhases = (
				376C42FC209B7E2E00F42DFA /* Sources */,
				376C42FD209B7E2E00F42DFA /* Frameworks */,
				376C42FE209B7E2E00F42DFA /* Resources */,
			);
			buildRules = (
			);
			dependencies = (
				376C4302209B7E2E00F42DFA /* PBXTargetDependency */,
			);
			name = airTests;
			productName = airTests;
			productReference = 376C4300209B7E2E00F42DFA /* airTests.xctest */;
			productType = "com.apple.product-type.bundle.unit-test";
		};
		376C430A209B7E2E00F42DFA /* airUITests */ = {
			isa = PBXNativeTarget;
			buildConfigurationList = 376C431A209B7E2E00F42DFA /* Build configuration list for PBXNativeTarget "airUITests" */;
			buildPhases = (
				376C4307209B7E2E00F42DFA /* Sources */,
				376C4308209B7E2E00F42DFA /* Frameworks */,
				376C4309209B7E2E00F42DFA /* Resources */,
			);
			buildRules = (
			);
			dependencies = (
				376C430D209B7E2E00F42DFA /* PBXTargetDependency */,
			);
			name = airUITests;
			productName = airUITests;
			productReference = 376C430B209B7E2E00F42DFA /* airUITests.xctest */;
			productType = "com.apple.product-type.bundle.ui-testing";
		};
/* End PBXNativeTarget section */

/* Begin PBXProject section */
		376C42E0209B7E2C00F42DFA /* Project object */ = {
			isa = PBXProject;
			attributes = {
				LastSwiftUpdateCheck = 0930;
				LastUpgradeCheck = 0930;
				ORGANIZATIONNAME = "Jia Liu";
				TargetAttributes = {
					376C42E7209B7E2C00F42DFA = {
						CreatedOnToolsVersion = 9.3;
					};
					376C42FF209B7E2E00F42DFA = {
						CreatedOnToolsVersion = 9.3;
						TestTargetID = 376C42E7209B7E2C00F42DFA;
					};
					376C430A209B7E2E00F42DFA = {
						CreatedOnToolsVersion = 9.3;
						TestTargetID = 376C42E7209B7E2C00F42DFA;
					};
				};
			};
			buildConfigurationList = 376C42E3209B7E2C00F42DFA /* Build configuration list for PBXProject "air" */;
			compatibilityVersion = "Xcode 9.3";
			developmentRegion = en;
			hasScannedForEncodings = 0;
			knownRegions = (
				en,
				Base,
			);
			mainGroup = 376C42DF209B7E2C00F42DFA;
			productRefGroup = 376C42E9209B7E2C00F42DFA /* Products */;
			projectDirPath = "";
			projectRoot = "";
			targets = (
				376C42E7209B7E2C00F42DFA /* air */,
				376C42FF209B7E2E00F42DFA /* airTests */,
				376C430A209B7E2E00F42DFA /* airUITests */,
			);
		};
/* End PBXProject section */

/* Begin PBXResourcesBuildPhase section */
		376C42E6209B7E2C00F42DFA /* Resources */ = {
			isa = PBXResourcesBuildPhase;
			buildActionMask = 2147483647;
			files = (
				376C42EE209B7E2D00F42DFA /* Scene.sks in Resources */,
				376C42FA209B7E2D00F42DFA /* LaunchScreen.storyboard in Resources */,
				376C42F7209B7E2D00F42DFA /* Assets.xcassets in Resources */,
				376C42F5209B7E2D00F42DFA /* Main.storyboard in Resources */,
			);
			runOnlyForDeploymentPostprocessing = 0;
		};
		376C42FE209B7E2E00F42DFA /* Resources */ = {
			isa = PBXResourcesBuildPhase;
			buildActionMask = 2147483647;
			files = (
			);
			runOnlyForDeploymentPostprocessing = 0;
		};
		376C4309209B7E2E00F42DFA /* Resources */ = {
			isa = PBXResourcesBuildPhase;
			buildActionMask = 2147483647;
			files = (
			);
			runOnlyForDeploymentPostprocessing = 0;
		};
/* End PBXResourcesBuildPhase section */

/* Begin PBXSourcesBuildPhase section */
		376C42E4209B7E2C00F42DFA /* Sources */ = {
			isa = PBXSourcesBuildPhase;
			buildActionMask = 2147483647;
			files = (
				329AD8E7209C6FD800010807 /* PollutionLevel.swift in Sources */,
				3769D984209C74F000B021A2 /* concern.swift in Sources */,
				376C42F2209B7E2D00F42DFA /* ViewController.swift in Sources */,
				3769D980209BC75300B021A2 /* LookUp.swift in Sources */,
				3769D982209C74BC00B021A2 /* coordinates.swift in Sources */,
				376C42F0209B7E2D00F42DFA /* Scene.swift in Sources */,
				376C42EC209B7E2D00F42DFA /* AppDelegate.swift in Sources */,
			);
			runOnlyForDeploymentPostprocessing = 0;
		};
		376C42FC209B7E2E00F42DFA /* Sources */ = {
			isa = PBXSourcesBuildPhase;
			buildActionMask = 2147483647;
			files = (
				376C4305209B7E2E00F42DFA /* airTests.swift in Sources */,
				329AD8E5209C6E6D00010807 /* PollutionLevelTest.swift in Sources */,
				3769D97E209BC6F100B021A2 /* LookUpTest.swift in Sources */,
			);
			runOnlyForDeploymentPostprocessing = 0;
		};
		376C4307209B7E2E00F42DFA /* Sources */ = {
			isa = PBXSourcesBuildPhase;
			buildActionMask = 2147483647;
			files = (
				376C4310209B7E2E00F42DFA /* airUITests.swift in Sources */,
			);
			runOnlyForDeploymentPostprocessing = 0;
		};
/* End PBXSourcesBuildPhase section */

/* Begin PBXTargetDependency section */
		376C4302209B7E2E00F42DFA /* PBXTargetDependency */ = {
			isa = PBXTargetDependency;
			target = 376C42E7209B7E2C00F42DFA /* air */;
			targetProxy = 376C4301209B7E2E00F42DFA /* PBXContainerItemProxy */;
		};
		376C430D209B7E2E00F42DFA /* PBXTargetDependency */ = {
			isa = PBXTargetDependency;
			target = 376C42E7209B7E2C00F42DFA /* air */;
			targetProxy = 376C430C209B7E2E00F42DFA /* PBXContainerItemProxy */;
		};
/* End PBXTargetDependency section */

/* Begin PBXVariantGroup section */
		376C42F3209B7E2D00F42DFA /* Main.storyboard */ = {
			isa = PBXVariantGroup;
			children = (
				376C42F4209B7E2D00F42DFA /* Base */,
			);
			name = Main.storyboard;
			sourceTree = "<group>";
		};
		376C42F8209B7E2D00F42DFA /* LaunchScreen.storyboard */ = {
			isa = PBXVariantGroup;
			children = (
				376C42F9209B7E2D00F42DFA /* Base */,
			);
			name = LaunchScreen.storyboard;
			sourceTree = "<group>";
		};
/* End PBXVariantGroup section */

/* Begin XCBuildConfiguration section */
		376C4312209B7E2E00F42DFA /* Debug */ = {
			isa = XCBuildConfiguration;
			buildSettings = {
				ALWAYS_SEARCH_USER_PATHS = NO;
				CLANG_ANALYZER_NONNULL = YES;
				CLANG_ANALYZER_NUMBER_OBJECT_CONVERSION = YES_AGGRESSIVE;
				CLANG_CXX_LANGUAGE_STANDARD = "gnu++14";
				CLANG_CXX_LIBRARY = "libc++";
				CLANG_ENABLE_MODULES = YES;
				CLANG_ENABLE_OBJC_ARC = YES;
				CLANG_ENABLE_OBJC_WEAK = YES;
				CLANG_WARN_BLOCK_CAPTURE_AUTORELEASING = YES;
				CLANG_WARN_BOOL_CONVERSION = YES;
				CLANG_WARN_COMMA = YES;
				CLANG_WARN_CONSTANT_CONVERSION = YES;
				CLANG_WARN_DEPRECATED_OBJC_IMPLEMENTATIONS = YES;
				CLANG_WARN_DIRECT_OBJC_ISA_USAGE = YES_ERROR;
				CLANG_WARN_DOCUMENTATION_COMMENTS = YES;
				CLANG_WARN_EMPTY_BODY = YES;
				CLANG_WARN_ENUM_CONVERSION = YES;
				CLANG_WARN_INFINITE_RECURSION = YES;
				CLANG_WARN_INT_CONVERSION = YES;
				CLANG_WARN_NON_LITERAL_NULL_CONVERSION = YES;
				CLANG_WARN_OBJC_IMPLICIT_RETAIN_SELF = YES;
				CLANG_WARN_OBJC_LITERAL_CONVERSION = YES;
				CLANG_WARN_OBJC_ROOT_CLASS = YES_ERROR;
				CLANG_WARN_RANGE_LOOP_ANALYSIS = YES;
				CLANG_WARN_STRICT_PROTOTYPES = YES;
				CLANG_WARN_SUSPICIOUS_MOVE = YES;
				CLANG_WARN_UNGUARDED_AVAILABILITY = YES_AGGRESSIVE;
				CLANG_WARN_UNREACHABLE_CODE = YES;
				CLANG_WARN__DUPLICATE_METHOD_MATCH = YES;
				CODE_SIGN_IDENTITY = "iPhone Developer";
				COPY_PHASE_STRIP = NO;
				DEBUG_INFORMATION_FORMAT = dwarf;
				ENABLE_STRICT_OBJC_MSGSEND = YES;
				ENABLE_TESTABILITY = YES;
				GCC_C_LANGUAGE_STANDARD = gnu11;
				GCC_DYNAMIC_NO_PIC = NO;
				GCC_NO_COMMON_BLOCKS = YES;
				GCC_OPTIMIZATION_LEVEL = 0;
				GCC_PREPROCESSOR_DEFINITIONS = (
					"DEBUG=1",
					"$(inherited)",
				);
				GCC_WARN_64_TO_32_BIT_CONVERSION = YES;
				GCC_WARN_ABOUT_RETURN_TYPE = YES_ERROR;
				GCC_WARN_UNDECLARED_SELECTOR = YES;
				GCC_WARN_UNINITIALIZED_AUTOS = YES_AGGRESSIVE;
				GCC_WARN_UNUSED_FUNCTION = YES;
				GCC_WARN_UNUSED_VARIABLE = YES;
				IPHONEOS_DEPLOYMENT_TARGET = 11.3;
				MTL_ENABLE_DEBUG_INFO = YES;
				ONLY_ACTIVE_ARCH = YES;
				SDKROOT = iphoneos;
				SWIFT_ACTIVE_COMPILATION_CONDITIONS = DEBUG;
				SWIFT_OPTIMIZATION_LEVEL = "-Onone";
			};
			name = Debug;
		};
		376C4313209B7E2E00F42DFA /* Release */ = {
			isa = XCBuildConfiguration;
			buildSettings = {
				ALWAYS_SEARCH_USER_PATHS = NO;
				CLANG_ANALYZER_NONNULL = YES;
				CLANG_ANALYZER_NUMBER_OBJECT_CONVERSION = YES_AGGRESSIVE;
				CLANG_CXX_LANGUAGE_STANDARD = "gnu++14";
				CLANG_CXX_LIBRARY = "libc++";
				CLANG_ENABLE_MODULES = YES;
				CLANG_ENABLE_OBJC_ARC = YES;
				CLANG_ENABLE_OBJC_WEAK = YES;
				CLANG_WARN_BLOCK_CAPTURE_AUTORELEASING = YES;
				CLANG_WARN_BOOL_CONVERSION = YES;
				CLANG_WARN_COMMA = YES;
				CLANG_WARN_CONSTANT_CONVERSION = YES;
				CLANG_WARN_DEPRECATED_OBJC_IMPLEMENTATIONS = YES;
				CLANG_WARN_DIRECT_OBJC_ISA_USAGE = YES_ERROR;
				CLANG_WARN_DOCUMENTATION_COMMENTS = YES;
				CLANG_WARN_EMPTY_BODY = YES;
				CLANG_WARN_ENUM_CONVERSION = YES;
				CLANG_WARN_INFINITE_RECURSION = YES;
				CLANG_WARN_INT_CONVERSION = YES;
				CLANG_WARN_NON_LITERAL_NULL_CONVERSION = YES;
				CLANG_WARN_OBJC_IMPLICIT_RETAIN_SELF = YES;
				CLANG_WARN_OBJC_LITERAL_CONVERSION = YES;
				CLANG_WARN_OBJC_ROOT_CLASS = YES_ERROR;
				CLANG_WARN_RANGE_LOOP_ANALYSIS = YES;
				CLANG_WARN_STRICT_PROTOTYPES = YES;
				CLANG_WARN_SUSPICIOUS_MOVE = YES;
				CLANG_WARN_UNGUARDED_AVAILABILITY = YES_AGGRESSIVE;
				CLANG_WARN_UNREACHABLE_CODE = YES;
				CLANG_WARN__DUPLICATE_METHOD_MATCH = YES;
				CODE_SIGN_IDENTITY = "iPhone Developer";
				COPY_PHASE_STRIP = NO;
				DEBUG_INFORMATION_FORMAT = "dwarf-with-dsym";
				ENABLE_NS_ASSERTIONS = NO;
				ENABLE_STRICT_OBJC_MSGSEND = YES;
				GCC_C_LANGUAGE_STANDARD = gnu11;
				GCC_NO_COMMON_BLOCKS = YES;
				GCC_WARN_64_TO_32_BIT_CONVERSION = YES;
				GCC_WARN_ABOUT_RETURN_TYPE = YES_ERROR;
				GCC_WARN_UNDECLARED_SELECTOR = YES;
				GCC_WARN_UNINITIALIZED_AUTOS = YES_AGGRESSIVE;
				GCC_WARN_UNUSED_FUNCTION = YES;
				GCC_WARN_UNUSED_VARIABLE = YES;
				IPHONEOS_DEPLOYMENT_TARGET = 11.3;
				MTL_ENABLE_DEBUG_INFO = NO;
				SDKROOT = iphoneos;
				SWIFT_COMPILATION_MODE = wholemodule;
				SWIFT_OPTIMIZATION_LEVEL = "-O";
				VALIDATE_PRODUCT = YES;
			};
			name = Release;
		};
		376C4315209B7E2E00F42DFA /* Debug */ = {
			isa = XCBuildConfiguration;
			buildSettings = {
				ASSETCATALOG_COMPILER_APPICON_NAME = AppIcon;
				CODE_SIGN_STYLE = Automatic;
				DEVELOPMENT_TEAM = J9FL34R2YU;
				INFOPLIST_FILE = air/Info.plist;
				LD_RUNPATH_SEARCH_PATHS = (
					"$(inherited)",
					"@executable_path/Frameworks",
				);
				PRODUCT_BUNDLE_IDENTIFIER = cindy.air;
				PRODUCT_NAME = "$(TARGET_NAME)";
				SWIFT_VERSION = 4.0;
				TARGETED_DEVICE_FAMILY = "1,2";
			};
			name = Debug;
		};
		376C4316209B7E2E00F42DFA /* Release */ = {
			isa = XCBuildConfiguration;
			buildSettings = {
				ASSETCATALOG_COMPILER_APPICON_NAME = AppIcon;
				CODE_SIGN_STYLE = Automatic;
				DEVELOPMENT_TEAM = J9FL34R2YU;
				INFOPLIST_FILE = air/Info.plist;
				LD_RUNPATH_SEARCH_PATHS = (
					"$(inherited)",
					"@executable_path/Frameworks",
				);
				PRODUCT_BUNDLE_IDENTIFIER = cindy.air;
				PRODUCT_NAME = "$(TARGET_NAME)";
				SWIFT_VERSION = 4.0;
				TARGETED_DEVICE_FAMILY = "1,2";
			};
			name = Release;
		};
		376C4318209B7E2E00F42DFA /* Debug */ = {
			isa = XCBuildConfiguration;
			buildSettings = {
				ALWAYS_EMBED_SWIFT_STANDARD_LIBRARIES = YES;
				BUNDLE_LOADER = "$(TEST_HOST)";
				CODE_SIGN_STYLE = Automatic;
				DEVELOPMENT_TEAM = J9FL34R2YU;
				INFOPLIST_FILE = airTests/Info.plist;
				LD_RUNPATH_SEARCH_PATHS = (
					"$(inherited)",
					"@executable_path/Frameworks",
					"@loader_path/Frameworks",
				);
				PRODUCT_BUNDLE_IDENTIFIER = cindy.airTests;
				PRODUCT_NAME = "$(TARGET_NAME)";
				SWIFT_VERSION = 4.0;
				TARGETED_DEVICE_FAMILY = "1,2";
				TEST_HOST = "$(BUILT_PRODUCTS_DIR)/air.app/air";
			};
			name = Debug;
		};
		376C4319209B7E2E00F42DFA /* Release */ = {
			isa = XCBuildConfiguration;
			buildSettings = {
				ALWAYS_EMBED_SWIFT_STANDARD_LIBRARIES = YES;
				BUNDLE_LOADER = "$(TEST_HOST)";
				CODE_SIGN_STYLE = Automatic;
				DEVELOPMENT_TEAM = J9FL34R2YU;
				INFOPLIST_FILE = airTests/Info.plist;
				LD_RUNPATH_SEARCH_PATHS = (
					"$(inherited)",
					"@executable_path/Frameworks",
					"@loader_path/Frameworks",
				);
				PRODUCT_BUNDLE_IDENTIFIER = cindy.airTests;
				PRODUCT_NAME = "$(TARGET_NAME)";
				SWIFT_VERSION = 4.0;
				TARGETED_DEVICE_FAMILY = "1,2";
				TEST_HOST = "$(BUILT_PRODUCTS_DIR)/air.app/air";
			};
			name = Release;
		};
		376C431B209B7E2E00F42DFA /* Debug */ = {
			isa = XCBuildConfiguration;
			buildSettings = {
				ALWAYS_EMBED_SWIFT_STANDARD_LIBRARIES = YES;
				CODE_SIGN_STYLE = Automatic;
				DEVELOPMENT_TEAM = J9FL34R2YU;
				INFOPLIST_FILE = airUITests/Info.plist;
				LD_RUNPATH_SEARCH_PATHS = (
					"$(inherited)",
					"@executable_path/Frameworks",
					"@loader_path/Frameworks",
				);
				PRODUCT_BUNDLE_IDENTIFIER = cindy.airUITests;
				PRODUCT_NAME = "$(TARGET_NAME)";
				SWIFT_VERSION = 4.0;
				TARGETED_DEVICE_FAMILY = "1,2";
				TEST_TARGET_NAME = air;
			};
			name = Debug;
		};
		376C431C209B7E2E00F42DFA /* Release */ = {
			isa = XCBuildConfiguration;
			buildSettings = {
				ALWAYS_EMBED_SWIFT_STANDARD_LIBRARIES = YES;
				CODE_SIGN_STYLE = Automatic;
				DEVELOPMENT_TEAM = J9FL34R2YU;
				INFOPLIST_FILE = airUITests/Info.plist;
				LD_RUNPATH_SEARCH_PATHS = (
					"$(inherited)",
					"@executable_path/Frameworks",
					"@loader_path/Frameworks",
				);
				PRODUCT_BUNDLE_IDENTIFIER = cindy.airUITests;
				PRODUCT_NAME = "$(TARGET_NAME)";
				SWIFT_VERSION = 4.0;
				TARGETED_DEVICE_FAMILY = "1,2";
				TEST_TARGET_NAME = air;
			};
			name = Release;
		};
/* End XCBuildConfiguration section */

/* Begin XCConfigurationList section */
		376C42E3209B7E2C00F42DFA /* Build configuration list for PBXProject "air" */ = {
			isa = XCConfigurationList;
			buildConfigurations = (
				376C4312209B7E2E00F42DFA /* Debug */,
				376C4313209B7E2E00F42DFA /* Release */,
			);
			defaultConfigurationIsVisible = 0;
			defaultConfigurationName = Release;
		};
		376C4314209B7E2E00F42DFA /* Build configuration list for PBXNativeTarget "air" */ = {
			isa = XCConfigurationList;
			buildConfigurations = (
				376C4315209B7E2E00F42DFA /* Debug */,
				376C4316209B7E2E00F42DFA /* Release */,
			);
			defaultConfigurationIsVisible = 0;
			defaultConfigurationName = Release;
		};
		376C4317209B7E2E00F42DFA /* Build configuration list for PBXNativeTarget "airTests" */ = {
			isa = XCConfigurationList;
			buildConfigurations = (
				376C4318209B7E2E00F42DFA /* Debug */,
				376C4319209B7E2E00F42DFA /* Release */,
			);
			defaultConfigurationIsVisible = 0;
			defaultConfigurationName = Release;
		};
		376C431A209B7E2E00F42DFA /* Build configuration list for PBXNativeTarget "airUITests" */ = {
			isa = XCConfigurationList;
			buildConfigurations = (
				376C431B209B7E2E00F42DFA /* Debug */,
				376C431C209B7E2E00F42DFA /* Release */,
			);
			defaultConfigurationIsVisible = 0;
			defaultConfigurationName = Release;
		};
/* End XCConfigurationList section */
	};
	rootObject = 376C42E0209B7E2C00F42DFA /* Project object */;
}
